
Microsoft Visual Studio Solution File, Format Version 12.00
# Visual Studio Version 16
VisualStudioVersion = 16.0.31105.61
MinimumVisualStudioVersion = 10.0.40219.1
Project("{FAE04EC0-301F-11D3-BF4B-00C04F79EFBC}") = "Midterm Test (Hands-On)", "Midterm Test (Hands-On).csproj", "{4A468F41-EEF7-4DC7-9938-F0AC8BA209A0}"
EndProject
Global
	GlobalSection(SolutionConfigurationPlatforms) = preSolution
		Debug|Any CPU = Debug|Any CPU
		Release|Any CPU = Release|Any CPU
	EndGlobalSection
	GlobalSection(ProjectConfigurationPlatforms) = postSolution
		{4A468F41-EEF7-4DC7-9938-F0AC8BA209A0}.Debug|Any CPU.ActiveCfg = Debug|Any CPU
		{4A468F41-EEF7-4DC7-9938-F0AC8BA209A0}.Debug|Any CPU.Build.0 = Debug|Any CPU
		{4A468F41-EEF7-4DC7-9938-F0AC8BA209A0}.Release|Any CPU.ActiveCfg = Release|Any CPU
		{4A468F41-EEF7-4DC7-9938-F0AC8BA209A0}.Release|Any CPU.Build.0 = Release|Any CPU
	EndGlobalSection
	GlobalSection(SolutionProperties) = preSolution
		HideSolutionNode = FALSE
	EndGlobalSection
	GlobalSection(ExtensibilityGlobals) = postSolution
		SolutionGuid = {3A8AAD92-32FA-4ADA-8F76-F83DF6C04633}
	EndGlobalSection
EndGlobal
